
Microsoft Visual Studio Solution File, Format Version 12.00
# Visual Studio Version 16
VisualStudioVersion = 16.0.31410.357
MinimumVisualStudioVersion = 10.0.40219.1
Project("{9A19103F-16F7-4668-BE54-9A1E7A4F7556}") = "Prime.Services", "Prime.Services.csproj", "{0BD1BA72-6FFC-450E-AF91-292F609E5935}"
EndProject
Project("{9A19103F-16F7-4668-BE54-9A1E7A4F7556}") = "Prime.Services.Test", "..\Prime.Services.Test\Prime.Services.Test.csproj", "{0E6F362E-3434-4D58-8E1D-74BF93FAFA88}"
EndProject
Project("{9A19103F-16F7-4668-BE54-9A1E7A4F7556}") = "HW2.Tests", "..\HW2.Tests\HW2.Tests.csproj", "{0E9184FD-469E-4636-9FE7-FE9FF7C45D66}"
EndProject
Project("{9A19103F-16F7-4668-BE54-9A1E7A4F7556}") = "HW2", "..\SorboAssignment2\HW2\HW2.csproj", "{B2345FD1-B2DF-46DF-8D46-4A66BBE2E492}"
EndProject
Global
	GlobalSection(SolutionConfigurationPlatforms) = preSolution
		Debug|Any CPU = Debug|Any CPU
		Release|Any CPU = Release|Any CPU
	EndGlobalSection
	GlobalSection(ProjectConfigurationPlatforms) = postSolution
		{0BD1BA72-6FFC-450E-AF91-292F609E5935}.Debug|Any CPU.ActiveCfg = Debug|Any CPU
		{0BD1BA72-6FFC-450E-AF91-292F609E5935}.Debug|Any CPU.Build.0 = Debug|Any CPU
		{0BD1BA72-6FFC-450E-AF91-292F609E5935}.Release|Any CPU.ActiveCfg = Release|Any CPU
		{0BD1BA72-6FFC-450E-AF91-292F609E5935}.Release|Any CPU.Build.0 = Release|Any CPU
		{0E6F362E-3434-4D58-8E1D-74BF93FAFA88}.Debug|Any CPU.ActiveCfg = Debug|Any CPU
		{0E6F362E-3434-4D58-8E1D-74BF93FAFA88}.Debug|Any CPU.Build.0 = Debug|Any CPU
		{0E6F362E-3434-4D58-8E1D-74BF93FAFA88}.Release|Any CPU.ActiveCfg = Release|Any CPU
		{0E6F362E-3434-4D58-8E1D-74BF93FAFA88}.Release|Any CPU.Build.0 = Release|Any CPU
		{0E9184FD-469E-4636-9FE7-FE9FF7C45D66}.Debug|Any CPU.ActiveCfg = Debug|Any CPU
		{0E9184FD-469E-4636-9FE7-FE9FF7C45D66}.Debug|Any CPU.Build.0 = Debug|Any CPU
		{0E9184FD-469E-4636-9FE7-FE9FF7C45D66}.Release|Any CPU.ActiveCfg = Release|Any CPU
		{0E9184FD-469E-4636-9FE7-FE9FF7C45D66}.Release|Any CPU.Build.0 = Release|Any CPU
		{B2345FD1-B2DF-46DF-8D46-4A66BBE2E492}.Debug|Any CPU.ActiveCfg = Debug|Any CPU
		{B2345FD1-B2DF-46DF-8D46-4A66BBE2E492}.Debug|Any CPU.Build.0 = Debug|Any CPU
		{B2345FD1-B2DF-46DF-8D46-4A66BBE2E492}.Release|Any CPU.ActiveCfg = Release|Any CPU
		{B2345FD1-B2DF-46DF-8D46-4A66BBE2E492}.Release|Any CPU.Build.0 = Release|Any CPU
	EndGlobalSection
	GlobalSection(SolutionProperties) = preSolution
		HideSolutionNode = FALSE
	EndGlobalSection
	GlobalSection(ExtensibilityGlobals) = postSolution
		SolutionGuid = {61AE134F-6C28-4146-84A3-40BBABC4763B}
	EndGlobalSection
EndGlobal
