
Microsoft Visual Studio Solution File, Format Version 12.00
# Visual Studio Version 16
VisualStudioVersion = 16.0.31410.357
MinimumVisualStudioVersion = 10.0.40219.1
Project("{FAE04EC0-301F-11D3-BF4B-00C04F79EFBC}") = "Prime.Services", "Prime.Services.csproj", "{0BD1BA72-6FFC-450E-AF91-292F609E5935}"
EndProject
Project("{FAE04EC0-301F-11D3-BF4B-00C04F79EFBC}") = "Prime.Services.Test", "..\Prime.Services.Test\Prime.Services.Test.csproj", "{0E6F362E-3434-4D58-8E1D-74BF93FAFA88}"
EndProject
Project("{FAE04EC0-301F-11D3-BF4B-00C04F79EFBC}") = "HW2", "..\HW2\HW2.csproj", "{2A9DC035-123F-416F-A9C6-299D0FF3DF16}"
EndProject
Project("{FAE04EC0-301F-11D3-BF4B-00C04F79EFBC}") = "HW2.Tests", "..\HW2.Tests\HW2.Tests.csproj", "{0E9184FD-469E-4636-9FE7-FE9FF7C45D66}"
EndProject
Global
	GlobalSection(SolutionConfigurationPlatforms) = preSolution
		Debug|Any CPU = Debug|Any CPU
		Release|Any CPU = Release|Any CPU
	EndGlobalSection
	GlobalSection(ProjectConfigurationPlatforms) = postSolution
		{0BD1BA72-6FFC-450E-AF91-292F609E5935}.Debug|Any CPU.ActiveCfg = Debug|Any CPU
		{0BD1BA72-6FFC-450E-AF91-292F609E5935}.Debug|Any CPU.Build.0 = Debug|Any CPU
		{0BD1BA72-6FFC-450E-AF91-292F609E5935}.Release|Any CPU.ActiveCfg = Release|Any CPU
		{0BD1BA72-6FFC-450E-AF91-292F609E5935}.Release|Any CPU.Build.0 = Release|Any CPU
		{0E6F362E-3434-4D58-8E1D-74BF93FAFA88}.Debug|Any CPU.ActiveCfg = Debug|Any CPU
		{0E6F362E-3434-4D58-8E1D-74BF93FAFA88}.Debug|Any CPU.Build.0 = Debug|Any CPU
		{0E6F362E-3434-4D58-8E1D-74BF93FAFA88}.Release|Any CPU.ActiveCfg = Release|Any CPU
		{0E6F362E-3434-4D58-8E1D-74BF93FAFA88}.Release|Any CPU.Build.0 = Release|Any CPU
		{2A9DC035-123F-416F-A9C6-299D0FF3DF16}.Debug|Any CPU.ActiveCfg = Debug|Any CPU
		{2A9DC035-123F-416F-A9C6-299D0FF3DF16}.Debug|Any CPU.Build.0 = Debug|Any CPU
		{2A9DC035-123F-416F-A9C6-299D0FF3DF16}.Release|Any CPU.ActiveCfg = Release|Any CPU
		{2A9DC035-123F-416F-A9C6-299D0FF3DF16}.Release|Any CPU.Build.0 = Release|Any CPU
		{0E9184FD-469E-4636-9FE7-FE9FF7C45D66}.Debug|Any CPU.ActiveCfg = Debug|Any CPU
		{0E9184FD-469E-4636-9FE7-FE9FF7C45D66}.Debug|Any CPU.Build.0 = Debug|Any CPU
		{0E9184FD-469E-4636-9FE7-FE9FF7C45D66}.Release|Any CPU.ActiveCfg = Release|Any CPU
		{0E9184FD-469E-4636-9FE7-FE9FF7C45D66}.Release|Any CPU.Build.0 = Release|Any CPU
	EndGlobalSection
	GlobalSection(SolutionProperties) = preSolution
		HideSolutionNode = FALSE
	EndGlobalSection
	GlobalSection(ExtensibilityGlobals) = postSolution
		SolutionGuid = {61AE134F-6C28-4146-84A3-40BBABC4763B}
	EndGlobalSection
EndGlobal
